// !$*UTF8*$!
{
	archiveVersion = 1;
	classes = {
	};
	objectVersion = 46;
	objects = {

/* Begin PBXAggregateTarget section */
		218F201F1E26459500B85D8E /* SwiftLint */ = {
			isa = PBXAggregateTarget;
			buildConfigurationList = 218F20201E26459500B85D8E /* Build configuration list for PBXAggregateTarget "SwiftLint" */;
			buildPhases = (
				218F20231E2645BC00B85D8E /* ShellScript */,
			);
			dependencies = (
			);
			name = SwiftLint;
			productName = SwiftLint;
		};
/* End PBXAggregateTarget section */

/* Begin PBXBuildFile section */
		218F200E1E263BB200B85D8E /* CALayer+UIColorConfigurable.swift in Sources */ = {isa = PBXBuildFile; fileRef = 218F200D1E263BB200B85D8E /* CALayer+UIColorConfigurable.swift */; };
		218F20151E263BBC00B85D8E /* DesignableView.swift in Sources */ = {isa = PBXBuildFile; fileRef = 218F200F1E263BBC00B85D8E /* DesignableView.swift */; };
		218F20161E263BBC00B85D8E /* ExtendedNavBarView.swift in Sources */ = {isa = PBXBuildFile; fileRef = 218F20101E263BBC00B85D8E /* ExtendedNavBarView.swift */; };
		218F20171E263BBC00B85D8E /* UIScrollView+Configurable.swift in Sources */ = {isa = PBXBuildFile; fileRef = 218F20121E263BBC00B85D8E /* UIScrollView+Configurable.swift */; };
		218F20181E263BBC00B85D8E /* UITextView+Configurable.swift in Sources */ = {isa = PBXBuildFile; fileRef = 218F20131E263BBC00B85D8E /* UITextView+Configurable.swift */; };
		218F20191E263BBC00B85D8E /* UIView+LayerConfigurable.swift in Sources */ = {isa = PBXBuildFile; fileRef = 218F20141E263BBC00B85D8E /* UIView+LayerConfigurable.swift */; };
		218F201C1E263BE100B85D8E /* CALayerConfigurableTests.swift in Sources */ = {isa = PBXBuildFile; fileRef = 218F201A1E263BDE00B85D8E /* CALayerConfigurableTests.swift */; };
		218F201E1E263E4F00B85D8E /* UILayerConfifurable.swift in Sources */ = {isa = PBXBuildFile; fileRef = 218F201D1E263E4F00B85D8E /* UILayerConfifurable.swift */; };
		OBJ_30 /* DesignableKit.framework in Frameworks */ = {isa = PBXBuildFile; fileRef = OBJ_14 /* DesignableKit.framework */; };
/* End PBXBuildFile section */

/* Begin PBXContainerItemProxy section */
		218F200C1E26393300B85D8E /* PBXContainerItemProxy */ = {
			isa = PBXContainerItemProxy;
			containerPortal = OBJ_1 /* Project object */;
			proxyType = 1;
			remoteGlobalIDString = OBJ_16;
			remoteInfo = DesignableKit;
		};
/* End PBXContainerItemProxy section */

/* Begin PBXFileReference section */
		218F200D1E263BB200B85D8E /* CALayer+UIColorConfigurable.swift */ = {isa = PBXFileReference; fileEncoding = 4; lastKnownFileType = sourcecode.swift; path = "CALayer+UIColorConfigurable.swift"; sourceTree = "<group>"; };
		218F200F1E263BBC00B85D8E /* DesignableView.swift */ = {isa = PBXFileReference; fileEncoding = 4; lastKnownFileType = sourcecode.swift; path = DesignableView.swift; sourceTree = "<group>"; };
		218F20101E263BBC00B85D8E /* ExtendedNavBarView.swift */ = {isa = PBXFileReference; fileEncoding = 4; lastKnownFileType = sourcecode.swift; path = ExtendedNavBarView.swift; sourceTree = "<group>"; };
		218F20111E263BBC00B85D8E /* Info.plist */ = {isa = PBXFileReference; fileEncoding = 4; lastKnownFileType = text.plist.xml; path = Info.plist; sourceTree = "<group>"; };
		218F20121E263BBC00B85D8E /* UIScrollView+Configurable.swift */ = {isa = PBXFileReference; fileEncoding = 4; lastKnownFileType = sourcecode.swift; path = "UIScrollView+Configurable.swift"; sourceTree = "<group>"; };
		218F20131E263BBC00B85D8E /* UITextView+Configurable.swift */ = {isa = PBXFileReference; fileEncoding = 4; lastKnownFileType = sourcecode.swift; path = "UITextView+Configurable.swift"; sourceTree = "<group>"; };
		218F20141E263BBC00B85D8E /* UIView+LayerConfigurable.swift */ = {isa = PBXFileReference; fileEncoding = 4; lastKnownFileType = sourcecode.swift; path = "UIView+LayerConfigurable.swift"; sourceTree = "<group>"; };
		218F201A1E263BDE00B85D8E /* CALayerConfigurableTests.swift */ = {isa = PBXFileReference; lastKnownFileType = sourcecode.swift; path = CALayerConfigurableTests.swift; sourceTree = "<group>"; };
		218F201B1E263BDE00B85D8E /* Info.plist */ = {isa = PBXFileReference; lastKnownFileType = text.plist.xml; path = Info.plist; sourceTree = "<group>"; };
		218F201D1E263E4F00B85D8E /* UILayerConfifurable.swift */ = {isa = PBXFileReference; fileEncoding = 4; lastKnownFileType = sourcecode.swift; path = UILayerConfifurable.swift; sourceTree = "<group>"; };
		OBJ_14 /* DesignableKit.framework */ = {isa = PBXFileReference; explicitFileType = wrapper.framework; path = DesignableKit.framework; sourceTree = BUILT_PRODUCTS_DIR; };
		OBJ_15 /* DesignableKitTests.xctest */ = {isa = PBXFileReference; explicitFileType = wrapper.cfbundle; path = DesignableKitTests.xctest; sourceTree = BUILT_PRODUCTS_DIR; };
		OBJ_6 /* Package.swift */ = {isa = PBXFileReference; explicitFileType = sourcecode.swift; path = Package.swift; sourceTree = "<group>"; };
/* End PBXFileReference section */

/* Begin PBXFrameworksBuildPhase section */
		OBJ_22 /* Frameworks */ = {
			isa = PBXFrameworksBuildPhase;
			buildActionMask = 0;
			files = (
			);
			runOnlyForDeploymentPostprocessing = 0;
		};
		OBJ_29 /* Frameworks */ = {
			isa = PBXFrameworksBuildPhase;
			buildActionMask = 0;
			files = (
				OBJ_30 /* DesignableKit.framework in Frameworks */,
			);
			runOnlyForDeploymentPostprocessing = 0;
		};
/* End PBXFrameworksBuildPhase section */

/* Begin PBXGroup section */
		OBJ_10 /* Tests */ = {
			isa = PBXGroup;
			children = (
				OBJ_11 /* DesignableKitTests */,
			);
			path = Tests;
			sourceTree = "<group>";
		};
		OBJ_11 /* DesignableKitTests */ = {
			isa = PBXGroup;
			children = (
				218F201A1E263BDE00B85D8E /* CALayerConfigurableTests.swift */,
				218F201B1E263BDE00B85D8E /* Info.plist */,
			);
			name = DesignableKitTests;
			path = Tests/DesignableKitTests;
			sourceTree = SOURCE_ROOT;
		};
		OBJ_13 /* Products */ = {
			isa = PBXGroup;
			children = (
				OBJ_14 /* DesignableKit.framework */,
				OBJ_15 /* DesignableKitTests.xctest */,
			);
			name = Products;
			sourceTree = BUILT_PRODUCTS_DIR;
		};
		OBJ_5 = {
			isa = PBXGroup;
			children = (
				OBJ_6 /* Package.swift */,
				OBJ_7 /* Sources */,
				OBJ_10 /* Tests */,
				OBJ_13 /* Products */,
			);
			sourceTree = "<group>";
		};
		OBJ_7 /* Sources */ = {
			isa = PBXGroup;
			children = (
				OBJ_8 /* DesignableKit */,
			);
			path = Sources;
			sourceTree = "<group>";
		};
		OBJ_8 /* DesignableKit */ = {
			isa = PBXGroup;
			children = (
				218F200D1E263BB200B85D8E /* CALayer+UIColorConfigurable.swift */,
				218F200F1E263BBC00B85D8E /* DesignableView.swift */,
				218F20101E263BBC00B85D8E /* ExtendedNavBarView.swift */,
				218F20111E263BBC00B85D8E /* Info.plist */,
				218F20121E263BBC00B85D8E /* UIScrollView+Configurable.swift */,
				218F20131E263BBC00B85D8E /* UITextView+Configurable.swift */,
				218F20141E263BBC00B85D8E /* UIView+LayerConfigurable.swift */,
				218F201D1E263E4F00B85D8E /* UILayerConfifurable.swift */,
			);
			name = DesignableKit;
			path = Sources;
			sourceTree = SOURCE_ROOT;
		};
/* End PBXGroup section */

/* Begin PBXNativeTarget section */
		OBJ_16 /* DesignableKit */ = {
			isa = PBXNativeTarget;
			buildConfigurationList = OBJ_17 /* Build configuration list for PBXNativeTarget "DesignableKit" */;
			buildPhases = (
				OBJ_20 /* Sources */,
				OBJ_22 /* Frameworks */,
			);
			buildRules = (
			);
			dependencies = (
			);
			name = DesignableKit;
			productName = DesignableKit;
			productReference = OBJ_14 /* DesignableKit.framework */;
			productType = "com.apple.product-type.framework";
		};
		OBJ_23 /* DesignableKitTests */ = {
			isa = PBXNativeTarget;
			buildConfigurationList = OBJ_24 /* Build configuration list for PBXNativeTarget "DesignableKitTests" */;
			buildPhases = (
				OBJ_27 /* Sources */,
				OBJ_29 /* Frameworks */,
			);
			buildRules = (
			);
			dependencies = (
				OBJ_31 /* PBXTargetDependency */,
			);
			name = DesignableKitTests;
			productName = DesignableKitTests;
			productReference = OBJ_15 /* DesignableKitTests.xctest */;
			productType = "com.apple.product-type.bundle.unit-test";
		};
/* End PBXNativeTarget section */

/* Begin PBXProject section */
		OBJ_1 /* Project object */ = {
			isa = PBXProject;
			attributes = {
				LastUpgradeCheck = 9999;
				TargetAttributes = {
					218F201F1E26459500B85D8E = {
						CreatedOnToolsVersion = 8.2.1;
						DevelopmentTeam = CRP7G7R842;
						ProvisioningStyle = Automatic;
					};
				};
			};
			buildConfigurationList = OBJ_2 /* Build configuration list for PBXProject "DesignableKit" */;
			compatibilityVersion = "Xcode 3.2";
			developmentRegion = English;
			hasScannedForEncodings = 0;
			knownRegions = (
				en,
			);
			mainGroup = OBJ_5;
			productRefGroup = OBJ_13 /* Products */;
			projectDirPath = "";
			projectRoot = "";
			targets = (
				OBJ_16 /* DesignableKit */,
				OBJ_23 /* DesignableKitTests */,
				218F201F1E26459500B85D8E /* SwiftLint */,
			);
		};
/* End PBXProject section */

/* Begin PBXShellScriptBuildPhase section */
		218F20231E2645BC00B85D8E /* ShellScript */ = {
			isa = PBXShellScriptBuildPhase;
			buildActionMask = 2147483647;
			files = (
			);
			inputPaths = (
			);
			outputPaths = (
			);
			runOnlyForDeploymentPostprocessing = 0;
			shellPath = /bin/sh;
			shellScript = "if which swiftlint >/dev/null; then\nswiftlint\nelse\necho \"warning: SwiftLint not installed, download from https://github.com/realm/SwiftLint\"\nfi";
		};
/* End PBXShellScriptBuildPhase section */

/* Begin PBXSourcesBuildPhase section */
		OBJ_20 /* Sources */ = {
			isa = PBXSourcesBuildPhase;
			buildActionMask = 0;
			files = (
				218F20171E263BBC00B85D8E /* UIScrollView+Configurable.swift in Sources */,
				218F200E1E263BB200B85D8E /* CALayer+UIColorConfigurable.swift in Sources */,
				218F20181E263BBC00B85D8E /* UITextView+Configurable.swift in Sources */,
				218F20161E263BBC00B85D8E /* ExtendedNavBarView.swift in Sources */,
				218F201E1E263E4F00B85D8E /* UILayerConfifurable.swift in Sources */,
				218F20191E263BBC00B85D8E /* UIView+LayerConfigurable.swift in Sources */,
				218F20151E263BBC00B85D8E /* DesignableView.swift in Sources */,
			);
			runOnlyForDeploymentPostprocessing = 0;
		};
		OBJ_27 /* Sources */ = {
			isa = PBXSourcesBuildPhase;
			buildActionMask = 0;
			files = (
				218F201C1E263BE100B85D8E /* CALayerConfigurableTests.swift in Sources */,
			);
			runOnlyForDeploymentPostprocessing = 0;
		};
/* End PBXSourcesBuildPhase section */

/* Begin PBXTargetDependency section */
		OBJ_31 /* PBXTargetDependency */ = {
			isa = PBXTargetDependency;
			target = OBJ_16 /* DesignableKit */;
			targetProxy = 218F200C1E26393300B85D8E /* PBXContainerItemProxy */;
		};
/* End PBXTargetDependency section */

/* Begin XCBuildConfiguration section */
		218F20211E26459500B85D8E /* Debug */ = {
			isa = XCBuildConfiguration;
			buildSettings = {
				DEVELOPMENT_TEAM = CRP7G7R842;
				PRODUCT_NAME = "$(TARGET_NAME)";
			};
			name = Debug;
		};
		218F20221E26459500B85D8E /* Release */ = {
			isa = XCBuildConfiguration;
			buildSettings = {
				DEVELOPMENT_TEAM = CRP7G7R842;
				PRODUCT_NAME = "$(TARGET_NAME)";
			};
			name = Release;
		};
		OBJ_18 /* Debug */ = {
			isa = XCBuildConfiguration;
			buildSettings = {
				APPLICATION_EXTENSION_API_ONLY = YES;
				FRAMEWORK_SEARCH_PATHS = (
					"$(inherited)",
					"$(PLATFORM_DIR)/Developer/Library/Frameworks",
				);
				HEADER_SEARCH_PATHS = "$(inherited)";
				INFOPLIST_FILE = "$(SRCROOT)/Sources/Info.plist";
				IPHONEOS_DEPLOYMENT_TARGET = 10.1;
				LD_RUNPATH_SEARCH_PATHS = "$(inherited) @executable_path/Frameworks @loader_path/Frameworks";
				OTHER_LDFLAGS = "$(inherited)";
				OTHER_SWIFT_FLAGS = "$(inherited)";
				PRODUCT_BUNDLE_IDENTIFIER = info.roothy.DesignableKit;
				PRODUCT_MODULE_NAME = "$(TARGET_NAME:c99extidentifier)";
				PRODUCT_NAME = "$(TARGET_NAME:c99extidentifier)";
				SKIP_INSTALL = YES;
				TARGETED_DEVICE_FAMILY = "1,2";
				TARGET_NAME = DesignableKit;
			};
			name = Debug;
		};
		OBJ_19 /* Release */ = {
			isa = XCBuildConfiguration;
			buildSettings = {
				APPLICATION_EXTENSION_API_ONLY = YES;
				FRAMEWORK_SEARCH_PATHS = (
					"$(inherited)",
					"$(PLATFORM_DIR)/Developer/Library/Frameworks",
				);
				HEADER_SEARCH_PATHS = "$(inherited)";
				INFOPLIST_FILE = "$(SRCROOT)/Sources/Info.plist";
				IPHONEOS_DEPLOYMENT_TARGET = 10.1;
				LD_RUNPATH_SEARCH_PATHS = "$(inherited) @executable_path/Frameworks @loader_path/Frameworks";
				OTHER_LDFLAGS = "$(inherited)";
				OTHER_SWIFT_FLAGS = "$(inherited)";
				PRODUCT_BUNDLE_IDENTIFIER = info.roothy.DesignableKit;
				PRODUCT_MODULE_NAME = "$(TARGET_NAME:c99extidentifier)";
				PRODUCT_NAME = "$(TARGET_NAME:c99extidentifier)";
				SKIP_INSTALL = YES;
				TARGETED_DEVICE_FAMILY = "1,2";
				TARGET_NAME = DesignableKit;
			};
			name = Release;
		};
		OBJ_25 /* Debug */ = {
			isa = XCBuildConfiguration;
			buildSettings = {
				ALWAYS_EMBED_SWIFT_STANDARD_LIBRARIES = YES;
				EMBEDDED_CONTENT_CONTAINS_SWIFT = YES;
				FRAMEWORK_SEARCH_PATHS = (
					"$(inherited)",
					"$(PLATFORM_DIR)/Developer/Library/Frameworks",
				);
				HEADER_SEARCH_PATHS = "$(inherited)";
				INFOPLIST_FILE = Tests/DesignableKitTests/Info.plist;
				LD_RUNPATH_SEARCH_PATHS = "$(inherited) @executable_path/Frameworks @loader_path/Frameworks";
				OTHER_LDFLAGS = "$(inherited)";
				OTHER_SWIFT_FLAGS = "$(inherited)";
				PRODUCT_BUNDLE_IDENTIFIER = info.roothy.DesignableKitTests;
				TARGETED_DEVICE_FAMILY = "1,2";
				TARGET_NAME = DesignableKitTests;
			};
			name = Debug;
		};
		OBJ_26 /* Release */ = {
			isa = XCBuildConfiguration;
			buildSettings = {
				ALWAYS_EMBED_SWIFT_STANDARD_LIBRARIES = YES;
				EMBEDDED_CONTENT_CONTAINS_SWIFT = YES;
				FRAMEWORK_SEARCH_PATHS = (
					"$(inherited)",
					"$(PLATFORM_DIR)/Developer/Library/Frameworks",
				);
				HEADER_SEARCH_PATHS = "$(inherited)";
				INFOPLIST_FILE = Tests/DesignableKitTests/Info.plist;
				LD_RUNPATH_SEARCH_PATHS = "$(inherited) @executable_path/Frameworks @loader_path/Frameworks";
				OTHER_LDFLAGS = "$(inherited)";
				OTHER_SWIFT_FLAGS = "$(inherited)";
				PRODUCT_BUNDLE_IDENTIFIER = info.roothy.DesignableKitTests;
				TARGETED_DEVICE_FAMILY = "1,2";
				TARGET_NAME = DesignableKitTests;
			};
			name = Release;
		};
		OBJ_3 /* Debug */ = {
			isa = XCBuildConfiguration;
			buildSettings = {
				BITCODE_GENERATION_MODE = marker;
				COMBINE_HIDPI_IMAGES = YES;
				COPY_PHASE_STRIP = NO;
				DEBUG_INFORMATION_FORMAT = dwarf;
				DYLIB_INSTALL_NAME_BASE = "@rpath";
				ENABLE_NS_ASSERTIONS = YES;
				ENABLE_TESTABILITY = YES;
				GCC_OPTIMIZATION_LEVEL = 0;
				MACOSX_DEPLOYMENT_TARGET = 10.10;
				MTL_ENABLE_DEBUG_INFO = YES;
				ONLY_ACTIVE_ARCH = YES;
				OTHER_SWIFT_FLAGS = "-DXcode";
				PRODUCT_NAME = "$(TARGET_NAME)";
				SDKROOT = iphoneos;
				SWIFT_ACTIVE_COMPILATION_CONDITIONS = "SWIFT_PACKAGE DEBUG";
				SWIFT_OPTIMIZATION_LEVEL = "-Onone";
				SWIFT_VERSION = 3.0;
				USE_HEADERMAP = NO;
			};
			name = Debug;
		};
		OBJ_4 /* Release */ = {
			isa = XCBuildConfiguration;
			buildSettings = {
				BITCODE_GENERATION_MODE = bitcode;
				COMBINE_HIDPI_IMAGES = YES;
				COPY_PHASE_STRIP = YES;
				DEBUG_INFORMATION_FORMAT = "dwarf-with-dsym";
				DYLIB_INSTALL_NAME_BASE = "@rpath";
				ENABLE_TESTABILITY = NO;
				GCC_OPTIMIZATION_LEVEL = s;
				MACOSX_DEPLOYMENT_TARGET = 10.10;
				MTL_ENABLE_DEBUG_INFO = NO;
				OTHER_SWIFT_FLAGS = "-DXcode";
				PRODUCT_NAME = "$(TARGET_NAME)";
				SDKROOT = iphoneos;
				SWIFT_ACTIVE_COMPILATION_CONDITIONS = SWIFT_PACKAGE;
				SWIFT_OPTIMIZATION_LEVEL = "-O";
				SWIFT_VERSION = 3.0;
				USE_HEADERMAP = NO;
				VALIDATE_PRODUCT = YES;
			};
			name = Release;
		};
/* End XCBuildConfiguration section */

/* Begin XCConfigurationList section */
		218F20201E26459500B85D8E /* Build configuration list for PBXAggregateTarget "SwiftLint" */ = {
			isa = XCConfigurationList;
			buildConfigurations = (
				218F20211E26459500B85D8E /* Debug */,
				218F20221E26459500B85D8E /* Release */,
			);
			defaultConfigurationIsVisible = 0;
		};
		OBJ_17 /* Build configuration list for PBXNativeTarget "DesignableKit" */ = {
			isa = XCConfigurationList;
			buildConfigurations = (
				OBJ_18 /* Debug */,
				OBJ_19 /* Release */,
			);
			defaultConfigurationIsVisible = 0;
			defaultConfigurationName = Debug;
		};
		OBJ_2 /* Build configuration list for PBXProject "DesignableKit" */ = {
			isa = XCConfigurationList;
			buildConfigurations = (
				OBJ_3 /* Debug */,
				OBJ_4 /* Release */,
			);
			defaultConfigurationIsVisible = 0;
			defaultConfigurationName = Debug;
		};
		OBJ_24 /* Build configuration list for PBXNativeTarget "DesignableKitTests" */ = {
			isa = XCConfigurationList;
			buildConfigurations = (
				OBJ_25 /* Debug */,
				OBJ_26 /* Release */,
			);
			defaultConfigurationIsVisible = 0;
			defaultConfigurationName = Debug;
		};
/* End XCConfigurationList section */
	};
	rootObject = OBJ_1 /* Project object */;
}
